{
  "name": "test-resources",
  "***REMOVED***": 3,
  "requires": true,
  "packages": {
    "": {
      "dependencies": {
        "@webcomponents/***REMOVED***": "^2.4.0"
      }
    },
    "node_modules/@webcomponents/***REMOVED***": {
      "version": "2.4.0",
      "resolved": "https://registry.npmjs.org/@webcomponents/***REMOVED***/-/***REMOVED***-2.4.0.tgz",
      "integrity": "sha512-kEClEz2nu9/i6SvyBJTV4pCc6CyCzMhK7zEeJ6QhiJoulBp4YZ06Zfj2E2HUXfWfHJIjtKriJYMtfhettKEjEg=="
    }
  }
}
